
Microsoft Visual Studio Solution File, Format Version 12.00
# Visual Studio 15
VisualStudioVersion = 15.0.28307.1259
MinimumVisualStudioVersion = 10.0.40219.1
Project("{FAE04EC0-301F-11D3-BF4B-00C04F79EFBC}") = "TTT_Abrudan_Rebeca", "TTT_Abrudan_Rebeca\TTT_Abrudan_Rebeca.csproj", "{82A685EE-66B6-4EC7-956F-27577D6091F4}"
EndProject
Global
	GlobalSection(SolutionConfigurationPlatforms) = preSolution
		Debug|Any CPU = Debug|Any CPU
		Release|Any CPU = Release|Any CPU
	EndGlobalSection
	GlobalSection(ProjectConfigurationPlatforms) = postSolution
		{82A685EE-66B6-4EC7-956F-27577D6091F4}.Debug|Any CPU.ActiveCfg = Debug|Any CPU
		{82A685EE-66B6-4EC7-956F-27577D6091F4}.Debug|Any CPU.Build.0 = Debug|Any CPU
		{82A685EE-66B6-4EC7-956F-27577D6091F4}.Release|Any CPU.ActiveCfg = Release|Any CPU
		{82A685EE-66B6-4EC7-956F-27577D6091F4}.Release|Any CPU.Build.0 = Release|Any CPU
	EndGlobalSection
	GlobalSection(SolutionProperties) = preSolution
		HideSolutionNode = FALSE
	EndGlobalSection
	GlobalSection(ExtensibilityGlobals) = postSolution
		SolutionGuid = {AF7E2EF1-3327-4AC9-A66A-BB19D6086189}
	EndGlobalSection
EndGlobal
